
Microsoft Visual Studio Solution File, Format Version 12.00
# Visual Studio 2013
VisualStudioVersion = 12.0.21005.1
MinimumVisualStudioVersion = 10.0.40219.1
Project("{FAE04EC0-301F-11D3-BF4B-00C04F79EFBC}") = "installFile", "installFile\installFile.csproj", "{89FFEA11-3C9F-4CBB-9C81-C32604313364}"
EndProject
Project("{FAE04EC0-301F-11D3-BF4B-00C04F79EFBC}") = "XinJiangFBMSet", "XinJiangFBMSet\XinJiangFBMSet.csproj", "{CC56665A-0D28-4C09-911E-5188CAD9B5B4}"
EndProject
Project("{FAE04EC0-301F-11D3-BF4B-00C04F79EFBC}") = "repair", "repair\repair.csproj", "{A3F44C15-91C8-4412-B9A9-531324AB9663}"
EndProject
Project("{FAE04EC0-301F-11D3-BF4B-00C04F79EFBC}") = "Finder", "Finder\Finder.csproj", "{240B061C-40D6-4204-BBC9-EE3DED0CC70D}"
EndProject
Global
	GlobalSection(SolutionConfigurationPlatforms) = preSolution
		Debug|Any CPU = Debug|Any CPU
		Release|Any CPU = Release|Any CPU
	EndGlobalSection
	GlobalSection(ProjectConfigurationPlatforms) = postSolution
		{89FFEA11-3C9F-4CBB-9C81-C32604313364}.Debug|Any CPU.ActiveCfg = Debug|Any CPU
		{89FFEA11-3C9F-4CBB-9C81-C32604313364}.Debug|Any CPU.Build.0 = Debug|Any CPU
		{89FFEA11-3C9F-4CBB-9C81-C32604313364}.Release|Any CPU.ActiveCfg = Release|Any CPU
		{89FFEA11-3C9F-4CBB-9C81-C32604313364}.Release|Any CPU.Build.0 = Release|Any CPU
		{CC56665A-0D28-4C09-911E-5188CAD9B5B4}.Debug|Any CPU.ActiveCfg = Debug|Any CPU
		{CC56665A-0D28-4C09-911E-5188CAD9B5B4}.Debug|Any CPU.Build.0 = Debug|Any CPU
		{CC56665A-0D28-4C09-911E-5188CAD9B5B4}.Release|Any CPU.ActiveCfg = Release|Any CPU
		{CC56665A-0D28-4C09-911E-5188CAD9B5B4}.Release|Any CPU.Build.0 = Release|Any CPU
		{A3F44C15-91C8-4412-B9A9-531324AB9663}.Debug|Any CPU.ActiveCfg = Debug|Any CPU
		{A3F44C15-91C8-4412-B9A9-531324AB9663}.Debug|Any CPU.Build.0 = Debug|Any CPU
		{A3F44C15-91C8-4412-B9A9-531324AB9663}.Release|Any CPU.ActiveCfg = Release|Any CPU
		{A3F44C15-91C8-4412-B9A9-531324AB9663}.Release|Any CPU.Build.0 = Release|Any CPU
		{240B061C-40D6-4204-BBC9-EE3DED0CC70D}.Debug|Any CPU.ActiveCfg = Debug|Any CPU
		{240B061C-40D6-4204-BBC9-EE3DED0CC70D}.Debug|Any CPU.Build.0 = Debug|Any CPU
		{240B061C-40D6-4204-BBC9-EE3DED0CC70D}.Release|Any CPU.ActiveCfg = Release|Any CPU
		{240B061C-40D6-4204-BBC9-EE3DED0CC70D}.Release|Any CPU.Build.0 = Release|Any CPU
	EndGlobalSection
	GlobalSection(SolutionProperties) = preSolution
		HideSolutionNode = FALSE
	EndGlobalSection
EndGlobal
